
Microsoft Visual Studio Solution File, Format Version 12.00
# Visual Studio 15
VisualStudioVersion = 15.0.26430.4
MinimumVisualStudioVersion = 10.0.40219.1
Project("{FAE04EC0-301F-11D3-BF4B-00C04F79EFBC}") = "Microsoft.Bot.Builder.Azure", "Library\Microsoft.Bot.Builder.Azure\Microsoft.Bot.Builder.Azure.csproj", "{77299F9C-8F49-4839-B7EA-55BA726321D5}"
EndProject
Project("{FAE04EC0-301F-11D3-BF4B-00C04F79EFBC}") = "Microsoft.Bot.Builder.Azure.Tests", "Tests\Microsoft.Bot.Builder.Azure.Tests\Microsoft.Bot.Builder.Azure.Tests.csproj", "{C0FC2275-93A1-462C-ACC6-7329AAFDDAB4}"
EndProject
Project("{2150E333-8FDC-42A3-9474-1A3956D46DE8}") = "Framework", "Framework", "{CCAA042D-B218-44CE-ACDF-A874DB7C022E}"
EndProject
Project("{2150E333-8FDC-42A3-9474-1A3956D46DE8}") = "Tests", "Tests", "{D98B014F-7BD1-46D4-A562-D225F942F97B}"
EndProject
Project("{2150E333-8FDC-42A3-9474-1A3956D46DE8}") = "Samples", "Samples", "{6DB71D45-E3C2-4FD4-A032-61C54FFB5FD4}"
EndProject
Project("{2150E333-8FDC-42A3-9474-1A3956D46DE8}") = "AzureTable", "AzureTable", "{154128D9-B44F-4BAC-BC54-951B261145C4}"
EndProject
Project("{FAE04EC0-301F-11D3-BF4B-00C04F79EFBC}") = "Microsoft.Bot.Sample.AzureTable", "Samples\AzureTable\Microsoft.Bot.Sample.AzureTable.csproj", "{D414F82F-C102-45B1-979C-D905D278C34E}"
EndProject
Project("{2150E333-8FDC-42A3-9474-1A3956D46DE8}") = "DocumentDb", "DocumentDb", "{9D81F425-5DA6-4664-9306-618627BFFCF2}"
EndProject
Project("{FAE04EC0-301F-11D3-BF4B-00C04F79EFBC}") = "Microsoft.Bot.Sample.DocumentDb", "Samples\DocumentDb\Microsoft.Bot.Sample.DocumentDb.csproj", "{BC81733E-CC04-49A5-ABE8-962E38487CA3}"
EndProject
Project("{FAE04EC0-301F-11D3-BF4B-00C04F79EFBC}") = "Microsoft.Bot.Builder.Azure.Logging", "Library\Microsoft.Bot.Builder.Azure.Logging\Microsoft.Bot.Builder.Azure.Logging.csproj", "{F8FDCBFB-3A5D-41E4-8C3D-A158D8783B3E}"
EndProject
Project("{2150E333-8FDC-42A3-9474-1A3956D46DE8}") = "_should_be_in_main_BotBuilder_repo", "_should_be_in_main_BotBuilder_repo", "{C70DAB17-2168-4936-81BB-FF95DFB2B41A}"
EndProject
Project("{FAE04EC0-301F-11D3-BF4B-00C04F79EFBC}") = "Microsoft.Bot.Builder.Telemetry", "Library\Microsoft.Bot.Builder.Telemetry\Microsoft.Bot.Builder.Telemetry.csproj", "{B2669900-19B3-43CE-B884-5A455C998F33}"
EndProject
Project("{FAE04EC0-301F-11D3-BF4B-00C04F79EFBC}") = "Microsoft.Bot.Builder.Telemetry.DebugWriter", "Library\Microsoft.Bot.Builder.Telemetry.DebugWriter\Microsoft.Bot.Builder.Telemetry.DebugWriter.csproj", "{041CEA1B-7A07-4BC3-990A-1EB80AA03F70}"
EndProject
Project("{FAE04EC0-301F-11D3-BF4B-00C04F79EFBC}") = "Microsoft.Bot.Builder.Telemetry.TextFileWriter", "Library\Microsoft.Bot.Builder.Telemetry.TextFileWriter\Microsoft.Bot.Builder.Telemetry.TextFileWriter.csproj", "{574382CA-F3DC-4C88-8E2E-9208EE913AA8}"
EndProject
Project("{FAE04EC0-301F-11D3-BF4B-00C04F79EFBC}") = "Microsoft.Bot.Builder.Azure.Telemetry.BlobStorageWriter", "Library\Microsoft.Bot.Builder.Azure.Telemetry.BlobStorageWriter\Microsoft.Bot.Builder.Azure.Telemetry.BlobStorageWriter.csproj", "{10949757-BF64-4EDE-AD2E-603FDE669274}"
EndProject
Project("{FAE04EC0-301F-11D3-BF4B-00C04F79EFBC}") = "Microsoft.Bot.Builder.Azure.Telemetry.AppInsightsWriter", "Library\Microsoft.Bot.Builder.Azure.Telemetry.AppInsightsWriter\Microsoft.Bot.Builder.Azure.Telemetry.AppInsightsWriter.csproj", "{6E1C8F10-E55D-4400-84D8-36115B1AA436}"
EndProject
Project("{2150E333-8FDC-42A3-9474-1A3956D46DE8}") = "Tests", "Tests", "{7EF83634-94A6-49E4-8531-9AEE920E2D79}"
EndProject
Project("{FAE04EC0-301F-11D3-BF4B-00C04F79EFBC}") = "Microsoft.Bot.Builder.Telemetry.Tests", "Tests\Microsoft.Bot.Builder.Telemetry.Tests\Microsoft.Bot.Builder.Telemetry.Tests.csproj", "{8EA09E66-210E-4495-84E4-66089C8D5DFC}"
EndProject
Project("{FAE04EC0-301F-11D3-BF4B-00C04F79EFBC}") = "Microsoft.Bot.Builder.Azure.Telemetry.QueueStorageWriter", "Library\Microsoft.Bot.Builder.Azure.Telemetry.QueueStorageWriter\Microsoft.Bot.Builder.Azure.Telemetry.QueueStorageWriter.csproj", "{1A4FC384-5AC2-4340-B6C7-79435EB68691}"
EndProject
Global
	GlobalSection(SolutionConfigurationPlatforms) = preSolution
		Debug|Any CPU = Debug|Any CPU
		Release|Any CPU = Release|Any CPU
	EndGlobalSection
	GlobalSection(ProjectConfigurationPlatforms) = postSolution
		{77299F9C-8F49-4839-B7EA-55BA726321D5}.Debug|Any CPU.ActiveCfg = Debug|Any CPU
		{77299F9C-8F49-4839-B7EA-55BA726321D5}.Debug|Any CPU.Build.0 = Debug|Any CPU
		{77299F9C-8F49-4839-B7EA-55BA726321D5}.Release|Any CPU.ActiveCfg = Release|Any CPU
		{77299F9C-8F49-4839-B7EA-55BA726321D5}.Release|Any CPU.Build.0 = Release|Any CPU
		{C0FC2275-93A1-462C-ACC6-7329AAFDDAB4}.Debug|Any CPU.ActiveCfg = Debug|Any CPU
		{C0FC2275-93A1-462C-ACC6-7329AAFDDAB4}.Debug|Any CPU.Build.0 = Debug|Any CPU
		{C0FC2275-93A1-462C-ACC6-7329AAFDDAB4}.Release|Any CPU.ActiveCfg = Release|Any CPU
		{C0FC2275-93A1-462C-ACC6-7329AAFDDAB4}.Release|Any CPU.Build.0 = Release|Any CPU
		{D414F82F-C102-45B1-979C-D905D278C34E}.Debug|Any CPU.ActiveCfg = Debug|Any CPU
		{D414F82F-C102-45B1-979C-D905D278C34E}.Debug|Any CPU.Build.0 = Debug|Any CPU
		{D414F82F-C102-45B1-979C-D905D278C34E}.Release|Any CPU.ActiveCfg = Release|Any CPU
		{D414F82F-C102-45B1-979C-D905D278C34E}.Release|Any CPU.Build.0 = Release|Any CPU
		{BC81733E-CC04-49A5-ABE8-962E38487CA3}.Debug|Any CPU.ActiveCfg = Debug|Any CPU
		{BC81733E-CC04-49A5-ABE8-962E38487CA3}.Debug|Any CPU.Build.0 = Debug|Any CPU
		{BC81733E-CC04-49A5-ABE8-962E38487CA3}.Release|Any CPU.ActiveCfg = Release|Any CPU
		{BC81733E-CC04-49A5-ABE8-962E38487CA3}.Release|Any CPU.Build.0 = Release|Any CPU
		{F8FDCBFB-3A5D-41E4-8C3D-A158D8783B3E}.Debug|Any CPU.ActiveCfg = Debug|Any CPU
		{F8FDCBFB-3A5D-41E4-8C3D-A158D8783B3E}.Debug|Any CPU.Build.0 = Debug|Any CPU
		{F8FDCBFB-3A5D-41E4-8C3D-A158D8783B3E}.Release|Any CPU.ActiveCfg = Release|Any CPU
		{F8FDCBFB-3A5D-41E4-8C3D-A158D8783B3E}.Release|Any CPU.Build.0 = Release|Any CPU
		{B2669900-19B3-43CE-B884-5A455C998F33}.Debug|Any CPU.ActiveCfg = Debug|Any CPU
		{B2669900-19B3-43CE-B884-5A455C998F33}.Debug|Any CPU.Build.0 = Debug|Any CPU
		{B2669900-19B3-43CE-B884-5A455C998F33}.Release|Any CPU.ActiveCfg = Release|Any CPU
		{B2669900-19B3-43CE-B884-5A455C998F33}.Release|Any CPU.Build.0 = Release|Any CPU
		{041CEA1B-7A07-4BC3-990A-1EB80AA03F70}.Debug|Any CPU.ActiveCfg = Debug|Any CPU
		{041CEA1B-7A07-4BC3-990A-1EB80AA03F70}.Debug|Any CPU.Build.0 = Debug|Any CPU
		{041CEA1B-7A07-4BC3-990A-1EB80AA03F70}.Release|Any CPU.ActiveCfg = Release|Any CPU
		{041CEA1B-7A07-4BC3-990A-1EB80AA03F70}.Release|Any CPU.Build.0 = Release|Any CPU
		{574382CA-F3DC-4C88-8E2E-9208EE913AA8}.Debug|Any CPU.ActiveCfg = Debug|Any CPU
		{574382CA-F3DC-4C88-8E2E-9208EE913AA8}.Debug|Any CPU.Build.0 = Debug|Any CPU
		{574382CA-F3DC-4C88-8E2E-9208EE913AA8}.Release|Any CPU.ActiveCfg = Release|Any CPU
		{574382CA-F3DC-4C88-8E2E-9208EE913AA8}.Release|Any CPU.Build.0 = Release|Any CPU
		{10949757-BF64-4EDE-AD2E-603FDE669274}.Debug|Any CPU.ActiveCfg = Debug|Any CPU
		{10949757-BF64-4EDE-AD2E-603FDE669274}.Debug|Any CPU.Build.0 = Debug|Any CPU
		{10949757-BF64-4EDE-AD2E-603FDE669274}.Release|Any CPU.ActiveCfg = Release|Any CPU
		{10949757-BF64-4EDE-AD2E-603FDE669274}.Release|Any CPU.Build.0 = Release|Any CPU
		{6E1C8F10-E55D-4400-84D8-36115B1AA436}.Debug|Any CPU.ActiveCfg = Debug|Any CPU
		{6E1C8F10-E55D-4400-84D8-36115B1AA436}.Debug|Any CPU.Build.0 = Debug|Any CPU
		{6E1C8F10-E55D-4400-84D8-36115B1AA436}.Release|Any CPU.ActiveCfg = Release|Any CPU
		{6E1C8F10-E55D-4400-84D8-36115B1AA436}.Release|Any CPU.Build.0 = Release|Any CPU
		{8EA09E66-210E-4495-84E4-66089C8D5DFC}.Debug|Any CPU.ActiveCfg = Debug|Any CPU
		{8EA09E66-210E-4495-84E4-66089C8D5DFC}.Debug|Any CPU.Build.0 = Debug|Any CPU
		{8EA09E66-210E-4495-84E4-66089C8D5DFC}.Release|Any CPU.ActiveCfg = Release|Any CPU
		{8EA09E66-210E-4495-84E4-66089C8D5DFC}.Release|Any CPU.Build.0 = Release|Any CPU
		{1A4FC384-5AC2-4340-B6C7-79435EB68691}.Debug|Any CPU.ActiveCfg = Debug|Any CPU
		{1A4FC384-5AC2-4340-B6C7-79435EB68691}.Debug|Any CPU.Build.0 = Debug|Any CPU
		{1A4FC384-5AC2-4340-B6C7-79435EB68691}.Release|Any CPU.ActiveCfg = Release|Any CPU
		{1A4FC384-5AC2-4340-B6C7-79435EB68691}.Release|Any CPU.Build.0 = Release|Any CPU
	EndGlobalSection
	GlobalSection(SolutionProperties) = preSolution
		HideSolutionNode = FALSE
	EndGlobalSection
	GlobalSection(NestedProjects) = preSolution
		{77299F9C-8F49-4839-B7EA-55BA726321D5} = {CCAA042D-B218-44CE-ACDF-A874DB7C022E}
		{C0FC2275-93A1-462C-ACC6-7329AAFDDAB4} = {D98B014F-7BD1-46D4-A562-D225F942F97B}
		{154128D9-B44F-4BAC-BC54-951B261145C4} = {6DB71D45-E3C2-4FD4-A032-61C54FFB5FD4}
		{D414F82F-C102-45B1-979C-D905D278C34E} = {154128D9-B44F-4BAC-BC54-951B261145C4}
		{9D81F425-5DA6-4664-9306-618627BFFCF2} = {6DB71D45-E3C2-4FD4-A032-61C54FFB5FD4}
		{BC81733E-CC04-49A5-ABE8-962E38487CA3} = {9D81F425-5DA6-4664-9306-618627BFFCF2}
		{F8FDCBFB-3A5D-41E4-8C3D-A158D8783B3E} = {CCAA042D-B218-44CE-ACDF-A874DB7C022E}
		{B2669900-19B3-43CE-B884-5A455C998F33} = {C70DAB17-2168-4936-81BB-FF95DFB2B41A}
		{041CEA1B-7A07-4BC3-990A-1EB80AA03F70} = {C70DAB17-2168-4936-81BB-FF95DFB2B41A}
		{574382CA-F3DC-4C88-8E2E-9208EE913AA8} = {C70DAB17-2168-4936-81BB-FF95DFB2B41A}
		{10949757-BF64-4EDE-AD2E-603FDE669274} = {CCAA042D-B218-44CE-ACDF-A874DB7C022E}
		{6E1C8F10-E55D-4400-84D8-36115B1AA436} = {CCAA042D-B218-44CE-ACDF-A874DB7C022E}
		{7EF83634-94A6-49E4-8531-9AEE920E2D79} = {C70DAB17-2168-4936-81BB-FF95DFB2B41A}
		{8EA09E66-210E-4495-84E4-66089C8D5DFC} = {7EF83634-94A6-49E4-8531-9AEE920E2D79}
		{1A4FC384-5AC2-4340-B6C7-79435EB68691} = {CCAA042D-B218-44CE-ACDF-A874DB7C022E}
	EndGlobalSection
EndGlobal
